
Microsoft Visual Studio Solution File, Format Version 12.00
# Visual Studio 15
VisualStudioVersion = 15.0.26124.0
MinimumVisualStudioVersion = 15.0.26124.0
Project("{FAE04EC0-301F-11D3-BF4B-00C04F79EFBC}") = "libs", "libs\libs.csproj", "{F35BF11B-CEFE-431E-AD95-4C48EBF33247}"
EndProject
Project("{FAE04EC0-301F-11D3-BF4B-00C04F79EFBC}") = "main", "main\main.csproj", "{9E9CBEF4-CED2-4FE2-9147-CD73B37E2F88}"
EndProject
Project("{FAE04EC0-301F-11D3-BF4B-00C04F79EFBC}") = "test", "test\test.csproj", "{D9B5001A-1E07-4290-BEB5-0BD60CE49FE3}"
EndProject
Global
	GlobalSection(SolutionConfigurationPlatforms) = preSolution
		Debug|Any CPU = Debug|Any CPU
		Debug|x64 = Debug|x64
		Debug|x86 = Debug|x86
		Release|Any CPU = Release|Any CPU
		Release|x64 = Release|x64
		Release|x86 = Release|x86
	EndGlobalSection
	GlobalSection(SolutionProperties) = preSolution
		HideSolutionNode = FALSE
	EndGlobalSection
	GlobalSection(ProjectConfigurationPlatforms) = postSolution
		{F35BF11B-CEFE-431E-AD95-4C48EBF33247}.Debug|Any CPU.ActiveCfg = Debug|Any CPU
		{F35BF11B-CEFE-431E-AD95-4C48EBF33247}.Debug|Any CPU.Build.0 = Debug|Any CPU
		{F35BF11B-CEFE-431E-AD95-4C48EBF33247}.Debug|x64.ActiveCfg = Debug|Any CPU
		{F35BF11B-CEFE-431E-AD95-4C48EBF33247}.Debug|x64.Build.0 = Debug|Any CPU
		{F35BF11B-CEFE-431E-AD95-4C48EBF33247}.Debug|x86.ActiveCfg = Debug|Any CPU
		{F35BF11B-CEFE-431E-AD95-4C48EBF33247}.Debug|x86.Build.0 = Debug|Any CPU
		{F35BF11B-CEFE-431E-AD95-4C48EBF33247}.Release|Any CPU.ActiveCfg = Release|Any CPU
		{F35BF11B-CEFE-431E-AD95-4C48EBF33247}.Release|Any CPU.Build.0 = Release|Any CPU
		{F35BF11B-CEFE-431E-AD95-4C48EBF33247}.Release|x64.ActiveCfg = Release|Any CPU
		{F35BF11B-CEFE-431E-AD95-4C48EBF33247}.Release|x64.Build.0 = Release|Any CPU
		{F35BF11B-CEFE-431E-AD95-4C48EBF33247}.Release|x86.ActiveCfg = Release|Any CPU
		{F35BF11B-CEFE-431E-AD95-4C48EBF33247}.Release|x86.Build.0 = Release|Any CPU
		{9E9CBEF4-CED2-4FE2-9147-CD73B37E2F88}.Debug|Any CPU.ActiveCfg = Debug|Any CPU
		{9E9CBEF4-CED2-4FE2-9147-CD73B37E2F88}.Debug|Any CPU.Build.0 = Debug|Any CPU
		{9E9CBEF4-CED2-4FE2-9147-CD73B37E2F88}.Debug|x64.ActiveCfg = Debug|Any CPU
		{9E9CBEF4-CED2-4FE2-9147-CD73B37E2F88}.Debug|x64.Build.0 = Debug|Any CPU
		{9E9CBEF4-CED2-4FE2-9147-CD73B37E2F88}.Debug|x86.ActiveCfg = Debug|Any CPU
		{9E9CBEF4-CED2-4FE2-9147-CD73B37E2F88}.Debug|x86.Build.0 = Debug|Any CPU
		{9E9CBEF4-CED2-4FE2-9147-CD73B37E2F88}.Release|Any CPU.ActiveCfg = Release|Any CPU
		{9E9CBEF4-CED2-4FE2-9147-CD73B37E2F88}.Release|Any CPU.Build.0 = Release|Any CPU
		{9E9CBEF4-CED2-4FE2-9147-CD73B37E2F88}.Release|x64.ActiveCfg = Release|Any CPU
		{9E9CBEF4-CED2-4FE2-9147-CD73B37E2F88}.Release|x64.Build.0 = Release|Any CPU
		{9E9CBEF4-CED2-4FE2-9147-CD73B37E2F88}.Release|x86.ActiveCfg = Release|Any CPU
		{9E9CBEF4-CED2-4FE2-9147-CD73B37E2F88}.Release|x86.Build.0 = Release|Any CPU
		{D9B5001A-1E07-4290-BEB5-0BD60CE49FE3}.Debug|Any CPU.ActiveCfg = Debug|Any CPU
		{D9B5001A-1E07-4290-BEB5-0BD60CE49FE3}.Debug|Any CPU.Build.0 = Debug|Any CPU
		{D9B5001A-1E07-4290-BEB5-0BD60CE49FE3}.Debug|x64.ActiveCfg = Debug|Any CPU
		{D9B5001A-1E07-4290-BEB5-0BD60CE49FE3}.Debug|x64.Build.0 = Debug|Any CPU
		{D9B5001A-1E07-4290-BEB5-0BD60CE49FE3}.Debug|x86.ActiveCfg = Debug|Any CPU
		{D9B5001A-1E07-4290-BEB5-0BD60CE49FE3}.Debug|x86.Build.0 = Debug|Any CPU
		{D9B5001A-1E07-4290-BEB5-0BD60CE49FE3}.Release|Any CPU.ActiveCfg = Release|Any CPU
		{D9B5001A-1E07-4290-BEB5-0BD60CE49FE3}.Release|Any CPU.Build.0 = Release|Any CPU
		{D9B5001A-1E07-4290-BEB5-0BD60CE49FE3}.Release|x64.ActiveCfg = Release|Any CPU
		{D9B5001A-1E07-4290-BEB5-0BD60CE49FE3}.Release|x64.Build.0 = Release|Any CPU
		{D9B5001A-1E07-4290-BEB5-0BD60CE49FE3}.Release|x86.ActiveCfg = Release|Any CPU
		{D9B5001A-1E07-4290-BEB5-0BD60CE49FE3}.Release|x86.Build.0 = Release|Any CPU
	EndGlobalSection
EndGlobal
